
Microsoft Visual Studio Solution File, Format Version 12.00
# Visual Studio 15
VisualStudioVersion = 15.0.26403.7
MinimumVisualStudioVersion = 10.0.40219.1
Project("{FAE04EC0-301F-11D3-BF4B-00C04F79EFBC}") = "core", "core\core.csproj", "{BE0C639D-FE50-4F4E-9899-CE678F145A4A}"
EndProject
Project("{FAE04EC0-301F-11D3-BF4B-00C04F79EFBC}") = "framework", "framework\framework.csproj", "{278BBB90-2714-471D-BE1B-9B2E4529E8EE}"
EndProject
Project("{FAE04EC0-301F-11D3-BF4B-00C04F79EFBC}") = "library", "library\library.csproj", "{683A8B40-EEDF-470D-87E7-50811A3C91B9}"
EndProject
Global
	GlobalSection(SolutionConfigurationPlatforms) = preSolution
		Debug|Any CPU = Debug|Any CPU
		Release|Any CPU = Release|Any CPU
	EndGlobalSection
	GlobalSection(ProjectConfigurationPlatforms) = postSolution
		{BE0C639D-FE50-4F4E-9899-CE678F145A4A}.Debug|Any CPU.ActiveCfg = Debug|Any CPU
		{BE0C639D-FE50-4F4E-9899-CE678F145A4A}.Debug|Any CPU.Build.0 = Debug|Any CPU
		{BE0C639D-FE50-4F4E-9899-CE678F145A4A}.Release|Any CPU.ActiveCfg = Release|Any CPU
		{BE0C639D-FE50-4F4E-9899-CE678F145A4A}.Release|Any CPU.Build.0 = Release|Any CPU
		{278BBB90-2714-471D-BE1B-9B2E4529E8EE}.Debug|Any CPU.ActiveCfg = Debug|Any CPU
		{278BBB90-2714-471D-BE1B-9B2E4529E8EE}.Debug|Any CPU.Build.0 = Debug|Any CPU
		{278BBB90-2714-471D-BE1B-9B2E4529E8EE}.Release|Any CPU.ActiveCfg = Release|Any CPU
		{278BBB90-2714-471D-BE1B-9B2E4529E8EE}.Release|Any CPU.Build.0 = Release|Any CPU
		{683A8B40-EEDF-470D-87E7-50811A3C91B9}.Debug|Any CPU.ActiveCfg = Debug|Any CPU
		{683A8B40-EEDF-470D-87E7-50811A3C91B9}.Debug|Any CPU.Build.0 = Debug|Any CPU
		{683A8B40-EEDF-470D-87E7-50811A3C91B9}.Release|Any CPU.ActiveCfg = Release|Any CPU
		{683A8B40-EEDF-470D-87E7-50811A3C91B9}.Release|Any CPU.Build.0 = Release|Any CPU
	EndGlobalSection
	GlobalSection(SolutionProperties) = preSolution
		HideSolutionNode = FALSE
	EndGlobalSection
EndGlobal
